// !$*UTF8*$!
{
	archiveVersion = 1;
	classes = {
	};
	objectVersion = 55;
	objects = {

/* Begin PBXBuildFile section */
		9B5CBD62284A4F4D0080F7A9 /* BattleViewController.swift in Sources */ = {isa = PBXBuildFile; fileRef = 9B5CBD61284A4F4D0080F7A9 /* BattleViewController.swift */; };
		9BA7BF872842653F001510AF /* AppDelegate.swift in Sources */ = {isa = PBXBuildFile; fileRef = 9BA7BF862842653F001510AF /* AppDelegate.swift */; };
		9BA7BF892842653F001510AF /* SceneDelegate.swift in Sources */ = {isa = PBXBuildFile; fileRef = 9BA7BF882842653F001510AF /* SceneDelegate.swift */; };
		9BA7BF8B2842653F001510AF /* ViewController.swift in Sources */ = {isa = PBXBuildFile; fileRef = 9BA7BF8A2842653F001510AF /* ViewController.swift */; };
		9BA7BF8E2842653F001510AF /* Main.storyboard in Resources */ = {isa = PBXBuildFile; fileRef = 9BA7BF8C2842653F001510AF /* Main.storyboard */; };
		9BA7BF9028426541001510AF /* Assets.xcassets in Resources */ = {isa = PBXBuildFile; fileRef = 9BA7BF8F28426541001510AF /* Assets.xcassets */; };
		9BA7BF9328426541001510AF /* LaunchScreen.storyboard in Resources */ = {isa = PBXBuildFile; fileRef = 9BA7BF9128426541001510AF /* LaunchScreen.storyboard */; };
		9BA7BF9E28426541001510AF /* MarineJankenTests.swift in Sources */ = {isa = PBXBuildFile; fileRef = 9BA7BF9D28426541001510AF /* MarineJankenTests.swift */; };
		9BA7BFA828426541001510AF /* MarineJankenUITests.swift in Sources */ = {isa = PBXBuildFile; fileRef = 9BA7BFA728426541001510AF /* MarineJankenUITests.swift */; };
		9BA7BFAA28426541001510AF /* MarineJankenUITestsLaunchTests.swift in Sources */ = {isa = PBXBuildFile; fileRef = 9BA7BFA928426541001510AF /* MarineJankenUITestsLaunchTests.swift */; };
		9BB6BB9C285A0C7D00B55608 /* BattleResultViewController.swift in Sources */ = {isa = PBXBuildFile; fileRef = 9BB6BB9B285A0C7D00B55608 /* BattleResultViewController.swift */; };
/* End PBXBuildFile section */

/* Begin PBXContainerItemProxy section */
		9BA7BF9A28426541001510AF /* PBXContainerItemProxy */ = {
			isa = PBXContainerItemProxy;
			containerPortal = 9BA7BF7B2842653F001510AF /* Project object */;
			proxyType = 1;
			remoteGlobalIDString = 9BA7BF822842653F001510AF;
			remoteInfo = MarineJanken;
		};
		9BA7BFA428426541001510AF /* PBXContainerItemProxy */ = {
			isa = PBXContainerItemProxy;
			containerPortal = 9BA7BF7B2842653F001510AF /* Project object */;
			proxyType = 1;
			remoteGlobalIDString = 9BA7BF822842653F001510AF;
			remoteInfo = MarineJanken;
		};
/* End PBXContainerItemProxy section */

/* Begin PBXFileReference section */
		9B5CBD61284A4F4D0080F7A9 /* BattleViewController.swift */ = {isa = PBXFileReference; lastKnownFileType = sourcecode.swift; path = BattleViewController.swift; sourceTree = "<group>"; };
		9BA7BF832842653F001510AF /* MarineJanken.app */ = {isa = PBXFileReference; explicitFileType = wrapper.application; includeInIndex = 0; path = MarineJanken.app; sourceTree = BUILT_PRODUCTS_DIR; };
		9BA7BF862842653F001510AF /* AppDelegate.swift */ = {isa = PBXFileReference; lastKnownFileType = sourcecode.swift; path = AppDelegate.swift; sourceTree = "<group>"; };
		9BA7BF882842653F001510AF /* SceneDelegate.swift */ = {isa = PBXFileReference; lastKnownFileType = sourcecode.swift; path = SceneDelegate.swift; sourceTree = "<group>"; };
		9BA7BF8A2842653F001510AF /* ViewController.swift */ = {isa = PBXFileReference; lastKnownFileType = sourcecode.swift; path = ViewController.swift; sourceTree = "<group>"; };
		9BA7BF8D2842653F001510AF /* Base */ = {isa = PBXFileReference; lastKnownFileType = file.storyboard; name = Base; path = Base.lproj/Main.storyboard; sourceTree = "<group>"; };
		9BA7BF8F28426541001510AF /* Assets.xcassets */ = {isa = PBXFileReference; lastKnownFileType = folder.assetcatalog; path = Assets.xcassets; sourceTree = "<group>"; };
		9BA7BF9228426541001510AF /* Base */ = {isa = PBXFileReference; lastKnownFileType = file.storyboard; name = Base; path = Base.lproj/LaunchScreen.storyboard; sourceTree = "<group>"; };
		9BA7BF9428426541001510AF /* Info.plist */ = {isa = PBXFileReference; lastKnownFileType = text.plist.xml; path = Info.plist; sourceTree = "<group>"; };
		9BA7BF9928426541001510AF /* MarineJankenTests.xctest */ = {isa = PBXFileReference; explicitFileType = wrapper.cfbundle; includeInIndex = 0; path = MarineJankenTests.xctest; sourceTree = BUILT_PRODUCTS_DIR; };
		9BA7BF9D28426541001510AF /* MarineJankenTests.swift */ = {isa = PBXFileReference; lastKnownFileType = sourcecode.swift; path = MarineJankenTests.swift; sourceTree = "<group>"; };
		9BA7BFA328426541001510AF /* MarineJankenUITests.xctest */ = {isa = PBXFileReference; explicitFileType = wrapper.cfbundle; includeInIndex = 0; path = MarineJankenUITests.xctest; sourceTree = BUILT_PRODUCTS_DIR; };
		9BA7BFA728426541001510AF /* MarineJankenUITests.swift */ = {isa = PBXFileReference; lastKnownFileType = sourcecode.swift; path = MarineJankenUITests.swift; sourceTree = "<group>"; };
		9BA7BFA928426541001510AF /* MarineJankenUITestsLaunchTests.swift */ = {isa = PBXFileReference; lastKnownFileType = sourcecode.swift; path = MarineJankenUITestsLaunchTests.swift; sourceTree = "<group>"; };
		9BB6BB9B285A0C7D00B55608 /* BattleResultViewController.swift */ = {isa = PBXFileReference; lastKnownFileType = sourcecode.swift; path = BattleResultViewController.swift; sourceTree = "<group>"; };
/* End PBXFileReference section */

/* Begin PBXFrameworksBuildPhase section */
		9BA7BF802842653F001510AF /* Frameworks */ = {
			isa = PBXFrameworksBuildPhase;
			buildActionMask = 2147483647;
			files = (
			);
			runOnlyForDeploymentPostprocessing = 0;
		};
		9BA7BF9628426541001510AF /* Frameworks */ = {
			isa = PBXFrameworksBuildPhase;
			buildActionMask = 2147483647;
			files = (
			);
			runOnlyForDeploymentPostprocessing = 0;
		};
		9BA7BFA028426541001510AF /* Frameworks */ = {
			isa = PBXFrameworksBuildPhase;
			buildActionMask = 2147483647;
			files = (
			);
			runOnlyForDeploymentPostprocessing = 0;
		};
/* End PBXFrameworksBuildPhase section */

/* Begin PBXGroup section */
		9BA7BF7A2842653F001510AF = {
			isa = PBXGroup;
			children = (
				9BA7BF852842653F001510AF /* MarineJanken */,
				9BA7BF9C28426541001510AF /* MarineJankenTests */,
				9BA7BFA628426541001510AF /* MarineJankenUITests */,
				9BA7BF842842653F001510AF /* Products */,
			);
			sourceTree = "<group>";
		};
		9BA7BF842842653F001510AF /* Products */ = {
			isa = PBXGroup;
			children = (
				9BA7BF832842653F001510AF /* MarineJanken.app */,
				9BA7BF9928426541001510AF /* MarineJankenTests.xctest */,
				9BA7BFA328426541001510AF /* MarineJankenUITests.xctest */,
			);
			name = Products;
			sourceTree = "<group>";
		};
		9BA7BF852842653F001510AF /* MarineJanken */ = {
			isa = PBXGroup;
			children = (
				9BA7BF862842653F001510AF /* AppDelegate.swift */,
				9BA7BF882842653F001510AF /* SceneDelegate.swift */,
				9BA7BF8A2842653F001510AF /* ViewController.swift */,
				9B5CBD61284A4F4D0080F7A9 /* BattleViewController.swift */,
				9BB6BB9B285A0C7D00B55608 /* BattleResultViewController.swift */,
				9BA7BF8C2842653F001510AF /* Main.storyboard */,
				9BA7BF8F28426541001510AF /* Assets.xcassets */,
				9BA7BF9128426541001510AF /* LaunchScreen.storyboard */,
				9BA7BF9428426541001510AF /* Info.plist */,
			);
			path = MarineJanken;
			sourceTree = "<group>";
		};
		9BA7BF9C28426541001510AF /* MarineJankenTests */ = {
			isa = PBXGroup;
			children = (
				9BA7BF9D28426541001510AF /* MarineJankenTests.swift */,
			);
			path = MarineJankenTests;
			sourceTree = "<group>";
		};
		9BA7BFA628426541001510AF /* MarineJankenUITests */ = {
			isa = PBXGroup;
			children = (
				9BA7BFA728426541001510AF /* MarineJankenUITests.swift */,
				9BA7BFA928426541001510AF /* MarineJankenUITestsLaunchTests.swift */,
			);
			path = MarineJankenUITests;
			sourceTree = "<group>";
		};
/* End PBXGroup section */

/* Begin PBXNativeTarget section */
		9BA7BF822842653F001510AF /* MarineJanken */ = {
			isa = PBXNativeTarget;
			buildConfigurationList = 9BA7BFAD28426541001510AF /* Build configuration list for PBXNativeTarget "MarineJanken" */;
			buildPhases = (
				9BA7BF7F2842653F001510AF /* Sources */,
				9BA7BF802842653F001510AF /* Frameworks */,
				9BA7BF812842653F001510AF /* Resources */,
			);
			buildRules = (
			);
			dependencies = (
			);
			name = MarineJanken;
			productName = MarineJanken;
			productReference = 9BA7BF832842653F001510AF /* MarineJanken.app */;
			productType = "com.apple.product-type.application";
		};
		9BA7BF9828426541001510AF /* MarineJankenTests */ = {
			isa = PBXNativeTarget;
			buildConfigurationList = 9BA7BFB028426541001510AF /* Build configuration list for PBXNativeTarget "MarineJankenTests" */;
			buildPhases = (
				9BA7BF9528426541001510AF /* Sources */,
				9BA7BF9628426541001510AF /* Frameworks */,
				9BA7BF9728426541001510AF /* Resources */,
			);
			buildRules = (
			);
			dependencies = (
				9BA7BF9B28426541001510AF /* PBXTargetDependency */,
			);
			name = MarineJankenTests;
			productName = MarineJankenTests;
			productReference = 9BA7BF9928426541001510AF /* MarineJankenTests.xctest */;
			productType = "com.apple.product-type.bundle.unit-test";
		};
		9BA7BFA228426541001510AF /* MarineJankenUITests */ = {
			isa = PBXNativeTarget;
			buildConfigurationList = 9BA7BFB328426541001510AF /* Build configuration list for PBXNativeTarget "MarineJankenUITests" */;
			buildPhases = (
				9BA7BF9F28426541001510AF /* Sources */,
				9BA7BFA028426541001510AF /* Frameworks */,
				9BA7BFA128426541001510AF /* Resources */,
			);
			buildRules = (
			);
			dependencies = (
				9BA7BFA528426541001510AF /* PBXTargetDependency */,
			);
			name = MarineJankenUITests;
			productName = MarineJankenUITests;
			productReference = 9BA7BFA328426541001510AF /* MarineJankenUITests.xctest */;
			productType = "com.apple.product-type.bundle.ui-testing";
		};
/* End PBXNativeTarget section */

/* Begin PBXProject section */
		9BA7BF7B2842653F001510AF /* Project object */ = {
			isa = PBXProject;
			attributes = {
				BuildIndependentTargetsInParallel = 1;
				LastSwiftUpdateCheck = 1340;
				LastUpgradeCheck = 1340;
				TargetAttributes = {
					9BA7BF822842653F001510AF = {
						CreatedOnToolsVersion = 13.4;
					};
					9BA7BF9828426541001510AF = {
						CreatedOnToolsVersion = 13.4;
						TestTargetID = 9BA7BF822842653F001510AF;
					};
					9BA7BFA228426541001510AF = {
						CreatedOnToolsVersion = 13.4;
						TestTargetID = 9BA7BF822842653F001510AF;
					};
				};
			};
			buildConfigurationList = 9BA7BF7E2842653F001510AF /* Build configuration list for PBXProject "MarineJanken" */;
			compatibilityVersion = "Xcode 13.0";
			developmentRegion = en;
			hasScannedForEncodings = 0;
			knownRegions = (
				en,
				Base,
			);
			mainGroup = 9BA7BF7A2842653F001510AF;
			productRefGroup = 9BA7BF842842653F001510AF /* Products */;
			projectDirPath = "";
			projectRoot = "";
			targets = (
				9BA7BF822842653F001510AF /* MarineJanken */,
				9BA7BF9828426541001510AF /* MarineJankenTests */,
				9BA7BFA228426541001510AF /* MarineJankenUITests */,
			);
		};
/* End PBXProject section */

/* Begin PBXResourcesBuildPhase section */
		9BA7BF812842653F001510AF /* Resources */ = {
			isa = PBXResourcesBuildPhase;
			buildActionMask = 2147483647;
			files = (
				9BA7BF9328426541001510AF /* LaunchScreen.storyboard in Resources */,
				9BA7BF9028426541001510AF /* Assets.xcassets in Resources */,
				9BA7BF8E2842653F001510AF /* Main.storyboard in Resources */,
			);
			runOnlyForDeploymentPostprocessing = 0;
		};
		9BA7BF9728426541001510AF /* Resources */ = {
			isa = PBXResourcesBuildPhase;
			buildActionMask = 2147483647;
			files = (
			);
			runOnlyForDeploymentPostprocessing = 0;
		};
		9BA7BFA128426541001510AF /* Resources */ = {
			isa = PBXResourcesBuildPhase;
			buildActionMask = 2147483647;
			files = (
			);
			runOnlyForDeploymentPostprocessing = 0;
		};
/* End PBXResourcesBuildPhase section */

/* Begin PBXSourcesBuildPhase section */
		9BA7BF7F2842653F001510AF /* Sources */ = {
			isa = PBXSourcesBuildPhase;
			buildActionMask = 2147483647;
			files = (
				9B5CBD62284A4F4D0080F7A9 /* BattleViewController.swift in Sources */,
				9BB6BB9C285A0C7D00B55608 /* BattleResultViewController.swift in Sources */,
				9BA7BF8B2842653F001510AF /* ViewController.swift in Sources */,
				9BA7BF872842653F001510AF /* AppDelegate.swift in Sources */,
				9BA7BF892842653F001510AF /* SceneDelegate.swift in Sources */,
			);
			runOnlyForDeploymentPostprocessing = 0;
		};
		9BA7BF9528426541001510AF /* Sources */ = {
			isa = PBXSourcesBuildPhase;
			buildActionMask = 2147483647;
			files = (
				9BA7BF9E28426541001510AF /* MarineJankenTests.swift in Sources */,
			);
			runOnlyForDeploymentPostprocessing = 0;
		};
		9BA7BF9F28426541001510AF /* Sources */ = {
			isa = PBXSourcesBuildPhase;
			buildActionMask = 2147483647;
			files = (
				9BA7BFA828426541001510AF /* MarineJankenUITests.swift in Sources */,
				9BA7BFAA28426541001510AF /* MarineJankenUITestsLaunchTests.swift in Sources */,
			);
			runOnlyForDeploymentPostprocessing = 0;
		};
/* End PBXSourcesBuildPhase section */

/* Begin PBXTargetDependency section */
		9BA7BF9B28426541001510AF /* PBXTargetDependency */ = {
			isa = PBXTargetDependency;
			target = 9BA7BF822842653F001510AF /* MarineJanken */;
			targetProxy = 9BA7BF9A28426541001510AF /* PBXContainerItemProxy */;
		};
		9BA7BFA528426541001510AF /* PBXTargetDependency */ = {
			isa = PBXTargetDependency;
			target = 9BA7BF822842653F001510AF /* MarineJanken */;
			targetProxy = 9BA7BFA428426541001510AF /* PBXContainerItemProxy */;
		};
/* End PBXTargetDependency section */

/* Begin PBXVariantGroup section */
		9BA7BF8C2842653F001510AF /* Main.storyboard */ = {
			isa = PBXVariantGroup;
			children = (
				9BA7BF8D2842653F001510AF /* Base */,
			);
			name = Main.storyboard;
			sourceTree = "<group>";
		};
		9BA7BF9128426541001510AF /* LaunchScreen.storyboard */ = {
			isa = PBXVariantGroup;
			children = (
				9BA7BF9228426541001510AF /* Base */,
			);
			name = LaunchScreen.storyboard;
			sourceTree = "<group>";
		};
/* End PBXVariantGroup section */

/* Begin XCBuildConfiguration section */
		9BA7BFAB28426541001510AF /* Debug */ = {
			isa = XCBuildConfiguration;
			buildSettings = {
				ALWAYS_SEARCH_USER_PATHS = NO;
				CLANG_ANALYZER_NONNULL = YES;
				CLANG_ANALYZER_NUMBER_OBJECT_CONVERSION = YES_AGGRESSIVE;
				CLANG_CXX_LANGUAGE_STANDARD = "gnu++17";
				CLANG_ENABLE_MODULES = YES;
				CLANG_ENABLE_OBJC_ARC = YES;
				CLANG_ENABLE_OBJC_WEAK = YES;
				CLANG_WARN_BLOCK_CAPTURE_AUTORELEASING = YES;
				CLANG_WARN_BOOL_CONVERSION = YES;
				CLANG_WARN_COMMA = YES;
				CLANG_WARN_CONSTANT_CONVERSION = YES;
				CLANG_WARN_DEPRECATED_OBJC_IMPLEMENTATIONS = YES;
				CLANG_WARN_DIRECT_OBJC_ISA_USAGE = YES_ERROR;
				CLANG_WARN_DOCUMENTATION_COMMENTS = YES;
				CLANG_WARN_EMPTY_BODY = YES;
				CLANG_WARN_ENUM_CONVERSION = YES;
				CLANG_WARN_INFINITE_RECURSION = YES;
				CLANG_WARN_INT_CONVERSION = YES;
				CLANG_WARN_NON_LITERAL_NULL_CONVERSION = YES;
				CLANG_WARN_OBJC_IMPLICIT_RETAIN_SELF = YES;
				CLANG_WARN_OBJC_LITERAL_CONVERSION = YES;
				CLANG_WARN_OBJC_ROOT_CLASS = YES_ERROR;
				CLANG_WARN_QUOTED_INCLUDE_IN_FRAMEWORK_HEADER = YES;
				CLANG_WARN_RANGE_LOOP_ANALYSIS = YES;
				CLANG_WARN_STRICT_PROTOTYPES = YES;
				CLANG_WARN_SUSPICIOUS_MOVE = YES;
				CLANG_WARN_UNGUARDED_AVAILABILITY = YES_AGGRESSIVE;
				CLANG_WARN_UNREACHABLE_CODE = YES;
				CLANG_WARN__DUPLICATE_METHOD_MATCH = YES;
				COPY_PHASE_STRIP = NO;
				DEBUG_INFORMATION_FORMAT = dwarf;
				ENABLE_STRICT_OBJC_MSGSEND = YES;
				ENABLE_TESTABILITY = YES;
				GCC_C_LANGUAGE_STANDARD = gnu11;
				GCC_DYNAMIC_NO_PIC = NO;
				GCC_NO_COMMON_BLOCKS = YES;
				GCC_OPTIMIZATION_LEVEL = 0;
				GCC_PREPROCESSOR_DEFINITIONS = (
					"DEBUG=1",
					"$(inherited)",
				);
				GCC_WARN_64_TO_32_BIT_CONVERSION = YES;
				GCC_WARN_ABOUT_RETURN_TYPE = YES_ERROR;
				GCC_WARN_UNDECLARED_SELECTOR = YES;
				GCC_WARN_UNINITIALIZED_AUTOS = YES_AGGRESSIVE;
				GCC_WARN_UNUSED_FUNCTION = YES;
				GCC_WARN_UNUSED_VARIABLE = YES;
				IPHONEOS_DEPLOYMENT_TARGET = 15.5;
				MTL_ENABLE_DEBUG_INFO = INCLUDE_SOURCE;
				MTL_FAST_MATH = YES;
				ONLY_ACTIVE_ARCH = YES;
				SDKROOT = iphoneos;
				SWIFT_ACTIVE_COMPILATION_CONDITIONS = DEBUG;
				SWIFT_OPTIMIZATION_LEVEL = "-Onone";
			};
			name = Debug;
		};
		9BA7BFAC28426541001510AF /* Release */ = {
			isa = XCBuildConfiguration;
			buildSettings = {
				ALWAYS_SEARCH_USER_PATHS = NO;
				CLANG_ANALYZER_NONNULL = YES;
				CLANG_ANALYZER_NUMBER_OBJECT_CONVERSION = YES_AGGRESSIVE;
				CLANG_CXX_LANGUAGE_STANDARD = "gnu++17";
				CLANG_ENABLE_MODULES = YES;
				CLANG_ENABLE_OBJC_ARC = YES;
				CLANG_ENABLE_OBJC_WEAK = YES;
				CLANG_WARN_BLOCK_CAPTURE_AUTORELEASING = YES;
				CLANG_WARN_BOOL_CONVERSION = YES;
				CLANG_WARN_COMMA = YES;
				CLANG_WARN_CONSTANT_CONVERSION = YES;
				CLANG_WARN_DEPRECATED_OBJC_IMPLEMENTATIONS = YES;
				CLANG_WARN_DIRECT_OBJC_ISA_USAGE = YES_ERROR;
				CLANG_WARN_DOCUMENTATION_COMMENTS = YES;
				CLANG_WARN_EMPTY_BODY = YES;
				CLANG_WARN_ENUM_CONVERSION = YES;
				CLANG_WARN_INFINITE_RECURSION = YES;
				CLANG_WARN_INT_CONVERSION = YES;
				CLANG_WARN_NON_LITERAL_NULL_CONVERSION = YES;
				CLANG_WARN_OBJC_IMPLICIT_RETAIN_SELF = YES;
				CLANG_WARN_OBJC_LITERAL_CONVERSION = YES;
				CLANG_WARN_OBJC_ROOT_CLASS = YES_ERROR;
				CLANG_WARN_QUOTED_INCLUDE_IN_FRAMEWORK_HEADER = YES;
				CLANG_WARN_RANGE_LOOP_ANALYSIS = YES;
				CLANG_WARN_STRICT_PROTOTYPES = YES;
				CLANG_WARN_SUSPICIOUS_MOVE = YES;
				CLANG_WARN_UNGUARDED_AVAILABILITY = YES_AGGRESSIVE;
				CLANG_WARN_UNREACHABLE_CODE = YES;
				CLANG_WARN__DUPLICATE_METHOD_MATCH = YES;
				COPY_PHASE_STRIP = NO;
				DEBUG_INFORMATION_FORMAT = "dwarf-with-dsym";
				ENABLE_NS_ASSERTIONS = NO;
				ENABLE_STRICT_OBJC_MSGSEND = YES;
				GCC_C_LANGUAGE_STANDARD = gnu11;
				GCC_NO_COMMON_BLOCKS = YES;
				GCC_WARN_64_TO_32_BIT_CONVERSION = YES;
				GCC_WARN_ABOUT_RETURN_TYPE = YES_ERROR;
				GCC_WARN_UNDECLARED_SELECTOR = YES;
				GCC_WARN_UNINITIALIZED_AUTOS = YES_AGGRESSIVE;
				GCC_WARN_UNUSED_FUNCTION = YES;
				GCC_WARN_UNUSED_VARIABLE = YES;
				IPHONEOS_DEPLOYMENT_TARGET = 15.5;
				MTL_ENABLE_DEBUG_INFO = NO;
				MTL_FAST_MATH = YES;
				SDKROOT = iphoneos;
				SWIFT_COMPILATION_MODE = wholemodule;
				SWIFT_OPTIMIZATION_LEVEL = "-O";
				VALIDATE_PRODUCT = YES;
			};
			name = Release;
		};
		9BA7BFAE28426541001510AF /* Debug */ = {
			isa = XCBuildConfiguration;
			buildSettings = {
				ASSETCATALOG_COMPILER_APPICON_NAME = AppIcon;
				ASSETCATALOG_COMPILER_GLOBAL_ACCENT_COLOR_NAME = AccentColor;
				CODE_SIGN_STYLE = Automatic;
				CURRENT_PROJECT_VERSION = 1;
				GENERATE_INFOPLIST_FILE = YES;
				INFOPLIST_FILE = MarineJanken/Info.plist;
				INFOPLIST_KEY_UIApplicationSupportsIndirectInputEvents = YES;
				INFOPLIST_KEY_UILaunchStoryboardName = LaunchScreen;
				INFOPLIST_KEY_UIMainStoryboardFile = Main;
				INFOPLIST_KEY_UISupportedInterfaceOrientations_iPad = "UIInterfaceOrientationPortrait UIInterfaceOrientationPortraitUpsideDown UIInterfaceOrientationLandscapeLeft UIInterfaceOrientationLandscapeRight";
				INFOPLIST_KEY_UISupportedInterfaceOrientations_iPhone = "UIInterfaceOrientationPortrait UIInterfaceOrientationLandscapeLeft UIInterfaceOrientationLandscapeRight";
				LD_RUNPATH_SEARCH_PATHS = (
					"$(inherited)",
					"@executable_path/Frameworks",
				);
				MARKETING_VERSION = 1.0;
				PRODUCT_BUNDLE_IDENTIFIER = com.nagumo.MarineJanken;
				PRODUCT_NAME = "$(TARGET_NAME)";
				SWIFT_EMIT_LOC_STRINGS = YES;
				SWIFT_VERSION = 5.0;
				TARGETED_DEVICE_FAMILY = 1;
			};
			name = Debug;
		};
		9BA7BFAF28426541001510AF /* Release */ = {
			isa = XCBuildConfiguration;
			buildSettings = {
				ASSETCATALOG_COMPILER_APPICON_NAME = AppIcon;
				ASSETCATALOG_COMPILER_GLOBAL_ACCENT_COLOR_NAME = AccentColor;
				CODE_SIGN_STYLE = Automatic;
				CURRENT_PROJECT_VERSION = 1;
				GENERATE_INFOPLIST_FILE = YES;
				INFOPLIST_FILE = MarineJanken/Info.plist;
				INFOPLIST_KEY_UIApplicationSupportsIndirectInputEvents = YES;
				INFOPLIST_KEY_UILaunchStoryboardName = LaunchScreen;
				INFOPLIST_KEY_UIMainStoryboardFile = Main;
				INFOPLIST_KEY_UISupportedInterfaceOrientations_iPad = "UIInterfaceOrientationPortrait UIInterfaceOrientationPortraitUpsideDown UIInterfaceOrientationLandscapeLeft UIInterfaceOrientationLandscapeRight";
				INFOPLIST_KEY_UISupportedInterfaceOrientations_iPhone = "UIInterfaceOrientationPortrait UIInterfaceOrientationLandscapeLeft UIInterfaceOrientationLandscapeRight";
				LD_RUNPATH_SEARCH_PATHS = (
					"$(inherited)",
					"@executable_path/Frameworks",
				);
				MARKETING_VERSION = 1.0;
				PRODUCT_BUNDLE_IDENTIFIER = com.nagumo.MarineJanken;
				PRODUCT_NAME = "$(TARGET_NAME)";
				SWIFT_EMIT_LOC_STRINGS = YES;
				SWIFT_VERSION = 5.0;
				TARGETED_DEVICE_FAMILY = 1;
			};
			name = Release;
		};
		9BA7BFB128426541001510AF /* Debug */ = {
			isa = XCBuildConfiguration;
			buildSettings = {
				ALWAYS_EMBED_SWIFT_STANDARD_LIBRARIES = YES;
				BUNDLE_LOADER = "$(TEST_HOST)";
				CODE_SIGN_STYLE = Automatic;
				CURRENT_PROJECT_VERSION = 1;
				GENERATE_INFOPLIST_FILE = YES;
				IPHONEOS_DEPLOYMENT_TARGET = 15.5;
				MARKETING_VERSION = 1.0;
				PRODUCT_BUNDLE_IDENTIFIER = com.nagumo.MarineJankenTests;
				PRODUCT_NAME = "$(TARGET_NAME)";
				SWIFT_EMIT_LOC_STRINGS = NO;
				SWIFT_VERSION = 5.0;
				TARGETED_DEVICE_FAMILY = "1,2";
				TEST_HOST = "$(BUILT_PRODUCTS_DIR)/MarineJanken.app/MarineJanken";
			};
			name = Debug;
		};
		9BA7BFB228426541001510AF /* Release */ = {
			isa = XCBuildConfiguration;
			buildSettings = {
				ALWAYS_EMBED_SWIFT_STANDARD_LIBRARIES = YES;
				BUNDLE_LOADER = "$(TEST_HOST)";
				CODE_SIGN_STYLE = Automatic;
				CURRENT_PROJECT_VERSION = 1;
				GENERATE_INFOPLIST_FILE = YES;
				IPHONEOS_DEPLOYMENT_TARGET = 15.5;
				MARKETING_VERSION = 1.0;
				PRODUCT_BUNDLE_IDENTIFIER = com.nagumo.MarineJankenTests;
				PRODUCT_NAME = "$(TARGET_NAME)";
				SWIFT_EMIT_LOC_STRINGS = NO;
				SWIFT_VERSION = 5.0;
				TARGETED_DEVICE_FAMILY = "1,2";
				TEST_HOST = "$(BUILT_PRODUCTS_DIR)/MarineJanken.app/MarineJanken";
			};
			name = Release;
		};
		9BA7BFB428426541001510AF /* Debug */ = {
			isa = XCBuildConfiguration;
			buildSettings = {
				ALWAYS_EMBED_SWIFT_STANDARD_LIBRARIES = YES;
				CODE_SIGN_STYLE = Automatic;
				CURRENT_PROJECT_VERSION = 1;
				GENERATE_INFOPLIST_FILE = YES;
				MARKETING_VERSION = 1.0;
				PRODUCT_BUNDLE_IDENTIFIER = com.nagumo.MarineJankenUITests;
				PRODUCT_NAME = "$(TARGET_NAME)";
				SWIFT_EMIT_LOC_STRINGS = NO;
				SWIFT_VERSION = 5.0;
				TARGETED_DEVICE_FAMILY = "1,2";
				TEST_TARGET_NAME = MarineJanken;
			};
			name = Debug;
		};
		9BA7BFB528426541001510AF /* Release */ = {
			isa = XCBuildConfiguration;
			buildSettings = {
				ALWAYS_EMBED_SWIFT_STANDARD_LIBRARIES = YES;
				CODE_SIGN_STYLE = Automatic;
				CURRENT_PROJECT_VERSION = 1;
				GENERATE_INFOPLIST_FILE = YES;
				MARKETING_VERSION = 1.0;
				PRODUCT_BUNDLE_IDENTIFIER = com.nagumo.MarineJankenUITests;
				PRODUCT_NAME = "$(TARGET_NAME)";
				SWIFT_EMIT_LOC_STRINGS = NO;
				SWIFT_VERSION = 5.0;
				TARGETED_DEVICE_FAMILY = "1,2";
				TEST_TARGET_NAME = MarineJanken;
			};
			name = Release;
		};
/* End XCBuildConfiguration section */

/* Begin XCConfigurationList section */
		9BA7BF7E2842653F001510AF /* Build configuration list for PBXProject "MarineJanken" */ = {
			isa = XCConfigurationList;
			buildConfigurations = (
				9BA7BFAB28426541001510AF /* Debug */,
				9BA7BFAC28426541001510AF /* Release */,
			);
			defaultConfigurationIsVisible = 0;
			defaultConfigurationName = Release;
		};
		9BA7BFAD28426541001510AF /* Build configuration list for PBXNativeTarget "MarineJanken" */ = {
			isa = XCConfigurationList;
			buildConfigurations = (
				9BA7BFAE28426541001510AF /* Debug */,
				9BA7BFAF28426541001510AF /* Release */,
			);
			defaultConfigurationIsVisible = 0;
			defaultConfigurationName = Release;
		};
		9BA7BFB028426541001510AF /* Build configuration list for PBXNativeTarget "MarineJankenTests" */ = {
			isa = XCConfigurationList;
			buildConfigurations = (
				9BA7BFB128426541001510AF /* Debug */,
				9BA7BFB228426541001510AF /* Release */,
			);
			defaultConfigurationIsVisible = 0;
			defaultConfigurationName = Release;
		};
		9BA7BFB328426541001510AF /* Build configuration list for PBXNativeTarget "MarineJankenUITests" */ = {
			isa = XCConfigurationList;
			buildConfigurations = (
				9BA7BFB428426541001510AF /* Debug */,
				9BA7BFB528426541001510AF /* Release */,
			);
			defaultConfigurationIsVisible = 0;
			defaultConfigurationName = Release;
		};
/* End XCConfigurationList section */
	};
	rootObject = 9BA7BF7B2842653F001510AF /* Project object */;
}
